// !$*UTF8*$!
{
	archiveVersion = 1;
	classes = {
	};
	objectVersion = 77;
	objects = {

/* Begin PBXBuildFile section */
		B09AA8D82FE487D700114959 /* AppDelegate.swift in Sources */ = {isa = PBXBuildFile; fileRef = B09AA8D72FE487D700114959 /* AppDelegate.swift */; };
		B09AA8DC2FE487D700114959 /* Main.html in Resources */ = {isa = PBXBuildFile; fileRef = B09AA8DA2FE487D700114959 /* Main.html */; };
		B09AA8DE2FE487D700114959 /* Icon.png in Resources */ = {isa = PBXBuildFile; fileRef = B09AA8DD2FE487D700114959 /* Icon.png */; };
		B09AA8E02FE487D700114959 /* Style.css in Resources */ = {isa = PBXBuildFile; fileRef = B09AA8DF2FE487D700114959 /* Style.css */; };
		B09AA8E22FE487D700114959 /* Script.js in Resources */ = {isa = PBXBuildFile; fileRef = B09AA8E12FE487D700114959 /* Script.js */; };
		B09AA8E42FE487D700114959 /* ViewController.swift in Sources */ = {isa = PBXBuildFile; fileRef = B09AA8E32FE487D700114959 /* ViewController.swift */; };
		B09AA8E72FE487D700114959 /* Main.storyboard in Resources */ = {isa = PBXBuildFile; fileRef = B09AA8E52FE487D700114959 /* Main.storyboard */; };
		B09AA8E92FE487D900114959 /* Assets.xcassets in Resources */ = {isa = PBXBuildFile; fileRef = B09AA8E82FE487D900114959 /* Assets.xcassets */; };
		B09AA8F02FE487D900114959 /* Browsing Wrapped Extension.appex in Embed Foundation Extensions */ = {isa = PBXBuildFile; fileRef = B09AA8EF2FE487D900114959 /* Browsing Wrapped Extension.appex */; settings = {ATTRIBUTES = (RemoveHeadersOnCopy, ); }; };
		B09AA8F52FE487D900114959 /* SafariWebExtensionHandler.swift in Sources */ = {isa = PBXBuildFile; fileRef = B09AA8F42FE487D900114959 /* SafariWebExtensionHandler.swift */; };
		B09AA9072FE487DA00114959 /* popup in Resources */ = {isa = PBXBuildFile; fileRef = B09AA9012FE487DA00114959 /* popup */; };
		B09AA9082FE487DA00114959 /* background.js in Resources */ = {isa = PBXBuildFile; fileRef = B09AA9022FE487DA00114959 /* background.js */; };
		B09AA9092FE487DA00114959 /* db.js in Resources */ = {isa = PBXBuildFile; fileRef = B09AA9032FE487DA00114959 /* db.js */; };
		B09AA90A2FE487DA00114959 /* icons in Resources */ = {isa = PBXBuildFile; fileRef = B09AA9042FE487DA00114959 /* icons */; };
		B09AA90B2FE487DA00114959 /* manifest.json in Resources */ = {isa = PBXBuildFile; fileRef = B09AA9052FE487DA00114959 /* manifest.json */; };
		B09AA90C2FE487DA00114959 /* tracker.js in Resources */ = {isa = PBXBuildFile; fileRef = B09AA9062FE487DA00114959 /* tracker.js */; };
		B09AAFFF2FE487DA00114901 /* wrapped in Resources */ = {isa = PBXBuildFile; fileRef = B09AAFFF2FE487DA00114902 /* wrapped */; };
/* End PBXBuildFile section */

/* Begin PBXContainerItemProxy section */
		B09AA8F12FE487D900114959 /* PBXContainerItemProxy */ = {
			isa = PBXContainerItemProxy;
			containerPortal = B09AA8CC2FE487D700114959 /* Project object */;
			proxyType = 1;
			remoteGlobalIDString = B09AA8EE2FE487D900114959;
			remoteInfo = "Browsing Wrapped Extension";
		};
/* End PBXContainerItemProxy section */

/* Begin PBXCopyFilesBuildPhase section */
		B09AA8FC2FE487D900114959 /* Embed Foundation Extensions */ = {
			isa = PBXCopyFilesBuildPhase;
			buildActionMask = 2147483647;
			dstPath = "";
			dstSubfolderSpec = 13;
			files = (
				B09AA8F02FE487D900114959 /* Browsing Wrapped Extension.appex in Embed Foundation Extensions */,
			);
			name = "Embed Foundation Extensions";
			runOnlyForDeploymentPostprocessing = 0;
		};
/* End PBXCopyFilesBuildPhase section */

/* Begin PBXFileReference section */
		B09AA8D42FE487D700114959 /* Browsing Wrapped.app */ = {isa = PBXFileReference; explicitFileType = wrapper.application; includeInIndex = 0; path = "Browsing Wrapped.app"; sourceTree = BUILT_PRODUCTS_DIR; };
		B09AA8D72FE487D700114959 /* AppDelegate.swift */ = {isa = PBXFileReference; lastKnownFileType = sourcecode.swift; path = AppDelegate.swift; sourceTree = "<group>"; };
		B09AA8DB2FE487D700114959 /* Base */ = {isa = PBXFileReference; lastKnownFileType = text.html; name = Base; path = Base.lproj/Main.html; sourceTree = "<group>"; };
		B09AA8DD2FE487D700114959 /* Icon.png */ = {isa = PBXFileReference; lastKnownFileType = image.png; path = Icon.png; sourceTree = "<group>"; };
		B09AA8DF2FE487D700114959 /* Style.css */ = {isa = PBXFileReference; lastKnownFileType = text.css; path = Style.css; sourceTree = "<group>"; };
		B09AA8E12FE487D700114959 /* Script.js */ = {isa = PBXFileReference; lastKnownFileType = sourcecode.javascript; path = Script.js; sourceTree = "<group>"; };
		B09AA8E32FE487D700114959 /* ViewController.swift */ = {isa = PBXFileReference; lastKnownFileType = sourcecode.swift; path = ViewController.swift; sourceTree = "<group>"; };
		B09AA8E62FE487D700114959 /* Base */ = {isa = PBXFileReference; lastKnownFileType = file.storyboard; name = Base; path = Base.lproj/Main.storyboard; sourceTree = "<group>"; };
		B09AA8E82FE487D900114959 /* Assets.xcassets */ = {isa = PBXFileReference; lastKnownFileType = folder.assetcatalog; path = Assets.xcassets; sourceTree = "<group>"; };
		B09AA8EA2FE487D900114959 /* Info.plist */ = {isa = PBXFileReference; lastKnownFileType = text.plist.xml; path = Info.plist; sourceTree = "<group>"; };
		B09AA8EF2FE487D900114959 /* Browsing Wrapped Extension.appex */ = {isa = PBXFileReference; explicitFileType = "wrapper.app-extension"; includeInIndex = 0; path = "Browsing Wrapped Extension.appex"; sourceTree = BUILT_PRODUCTS_DIR; };
		B09AA8F42FE487D900114959 /* SafariWebExtensionHandler.swift */ = {isa = PBXFileReference; lastKnownFileType = sourcecode.swift; path = SafariWebExtensionHandler.swift; sourceTree = "<group>"; };
		B09AA8F62FE487D900114959 /* Info.plist */ = {isa = PBXFileReference; lastKnownFileType = text.plist.xml; path = Info.plist; sourceTree = "<group>"; };
		B09AA9012FE487DA00114959 /* popup */ = {isa = PBXFileReference; lastKnownFileType = folder; name = popup; path = ../../extension/popup; sourceTree = "<group>"; };
		B09AA9022FE487DA00114959 /* background.js */ = {isa = PBXFileReference; lastKnownFileType = sourcecode.javascript; name = background.js; path = ../../extension/background.js; sourceTree = "<group>"; };
		B09AA9032FE487DA00114959 /* db.js */ = {isa = PBXFileReference; lastKnownFileType = sourcecode.javascript; name = db.js; path = ../../extension/db.js; sourceTree = "<group>"; };
		B09AA9042FE487DA00114959 /* icons */ = {isa = PBXFileReference; lastKnownFileType = folder; name = icons; path = ../../extension/icons; sourceTree = "<group>"; };
		B09AA9052FE487DA00114959 /* manifest.json */ = {isa = PBXFileReference; lastKnownFileType = text.json; name = manifest.json; path = ../../extension/manifest.json; sourceTree = "<group>"; };
		B09AA9062FE487DA00114959 /* tracker.js */ = {isa = PBXFileReference; lastKnownFileType = sourcecode.javascript; name = tracker.js; path = ../../extension/tracker.js; sourceTree = "<group>"; };
		B09AAFFF2FE487DA00114902 /* wrapped */ = {isa = PBXFileReference; lastKnownFileType = folder; name = wrapped; path = ../../extension/wrapped; sourceTree = "<group>"; };
/* End PBXFileReference section */

/* Begin PBXFrameworksBuildPhase section */
		B09AA8D12FE487D700114959 /* Frameworks */ = {
			isa = PBXFrameworksBuildPhase;
			buildActionMask = 2147483647;
			files = (
			);
			runOnlyForDeploymentPostprocessing = 0;
		};
		B09AA8EC2FE487D900114959 /* Frameworks */ = {
			isa = PBXFrameworksBuildPhase;
			buildActionMask = 2147483647;
			files = (
			);
			runOnlyForDeploymentPostprocessing = 0;
		};
/* End PBXFrameworksBuildPhase section */

/* Begin PBXGroup section */
		B09AA8CB2FE487D700114959 = {
			isa = PBXGroup;
			children = (
				B09AA8D62FE487D700114959 /* Browsing Wrapped */,
				B09AA8F32FE487D900114959 /* Browsing Wrapped Extension */,
				B09AA8D52FE487D700114959 /* Products */,
			);
			sourceTree = "<group>";
		};
		B09AA8D52FE487D700114959 /* Products */ = {
			isa = PBXGroup;
			children = (
				B09AA8D42FE487D700114959 /* Browsing Wrapped.app */,
				B09AA8EF2FE487D900114959 /* Browsing Wrapped Extension.appex */,
			);
			name = Products;
			sourceTree = "<group>";
		};
		B09AA8D62FE487D700114959 /* Browsing Wrapped */ = {
			isa = PBXGroup;
			children = (
				B09AA8D72FE487D700114959 /* AppDelegate.swift */,
				B09AA8E32FE487D700114959 /* ViewController.swift */,
				B09AA8E52FE487D700114959 /* Main.storyboard */,
				B09AA8E82FE487D900114959 /* Assets.xcassets */,
				B09AA8EA2FE487D900114959 /* Info.plist */,
				B09AA8D92FE487D700114959 /* Resources */,
			);
			path = "Browsing Wrapped";
			sourceTree = "<group>";
		};
		B09AA8D92FE487D700114959 /* Resources */ = {
			isa = PBXGroup;
			children = (
				B09AA8DA2FE487D700114959 /* Main.html */,
				B09AA8DD2FE487D700114959 /* Icon.png */,
				B09AA8DF2FE487D700114959 /* Style.css */,
				B09AA8E12FE487D700114959 /* Script.js */,
			);
			path = Resources;
			sourceTree = "<group>";
		};
		B09AA8F32FE487D900114959 /* Browsing Wrapped Extension */ = {
			isa = PBXGroup;
			children = (
				B09AA9002FE487DA00114959 /* Resources */,
				B09AA8F42FE487D900114959 /* SafariWebExtensionHandler.swift */,
				B09AA8F62FE487D900114959 /* Info.plist */,
			);
			path = "Browsing Wrapped Extension";
			sourceTree = "<group>";
		};
		B09AA9002FE487DA00114959 /* Resources */ = {
			isa = PBXGroup;
			children = (
				B09AA9012FE487DA00114959 /* popup */,
				B09AAFFF2FE487DA00114902 /* wrapped */,
				B09AA9022FE487DA00114959 /* background.js */,
				B09AA9032FE487DA00114959 /* db.js */,
				B09AA9042FE487DA00114959 /* icons */,
				B09AA9052FE487DA00114959 /* manifest.json */,
				B09AA9062FE487DA00114959 /* tracker.js */,
			);
			name = Resources;
			path = "Browsing Wrapped Extension";
			sourceTree = SOURCE_ROOT;
		};
/* End PBXGroup section */

/* Begin PBXNativeTarget section */
		B09AA8D32FE487D700114959 /* Browsing Wrapped */ = {
			isa = PBXNativeTarget;
			buildConfigurationList = B09AA8FD2FE487D900114959 /* Build configuration list for PBXNativeTarget "Browsing Wrapped" */;
			buildPhases = (
				B09AA8D02FE487D700114959 /* Sources */,
				B09AA8D12FE487D700114959 /* Frameworks */,
				B09AA8D22FE487D700114959 /* Resources */,
				B09AA8FC2FE487D900114959 /* Embed Foundation Extensions */,
			);
			buildRules = (
			);
			dependencies = (
				B09AA8F22FE487D900114959 /* PBXTargetDependency */,
			);
			name = "Browsing Wrapped";
			packageProductDependencies = (
			);
			productName = "Browsing Wrapped";
			productReference = B09AA8D42FE487D700114959 /* Browsing Wrapped.app */;
			productType = "com.apple.product-type.application";
		};
		B09AA8EE2FE487D900114959 /* Browsing Wrapped Extension */ = {
			isa = PBXNativeTarget;
			buildConfigurationList = B09AA8F92FE487D900114959 /* Build configuration list for PBXNativeTarget "Browsing Wrapped Extension" */;
			buildPhases = (
				B09AA8EB2FE487D900114959 /* Sources */,
				B09AA8EC2FE487D900114959 /* Frameworks */,
				B09AA8ED2FE487D900114959 /* Resources */,
			);
			buildRules = (
			);
			dependencies = (
			);
			name = "Browsing Wrapped Extension";
			packageProductDependencies = (
			);
			productName = "Browsing Wrapped Extension";
			productReference = B09AA8EF2FE487D900114959 /* Browsing Wrapped Extension.appex */;
			productType = "com.apple.product-type.app-extension";
		};
/* End PBXNativeTarget section */

/* Begin PBXProject section */
		B09AA8CC2FE487D700114959 /* Project object */ = {
			isa = PBXProject;
			attributes = {
				BuildIndependentTargetsInParallel = 1;
				LastSwiftUpdateCheck = 2650;
				LastUpgradeCheck = 2650;
				TargetAttributes = {
					B09AA8D32FE487D700114959 = {
						CreatedOnToolsVersion = 26.5;
					};
					B09AA8EE2FE487D900114959 = {
						CreatedOnToolsVersion = 26.5;
					};
				};
			};
			buildConfigurationList = B09AA8CF2FE487D700114959 /* Build configuration list for PBXProject "Browsing Wrapped" */;
			developmentRegion = en;
			hasScannedForEncodings = 0;
			knownRegions = (
				en,
				Base,
			);
			mainGroup = B09AA8CB2FE487D700114959;
			minimizedProjectReferenceProxies = 1;
			preferredProjectObjectVersion = 77;
			productRefGroup = B09AA8D52FE487D700114959 /* Products */;
			projectDirPath = "";
			projectRoot = "";
			targets = (
				B09AA8D32FE487D700114959 /* Browsing Wrapped */,
				B09AA8EE2FE487D900114959 /* Browsing Wrapped Extension */,
			);
		};
/* End PBXProject section */

/* Begin PBXResourcesBuildPhase section */
		B09AA8D22FE487D700114959 /* Resources */ = {
			isa = PBXResourcesBuildPhase;
			buildActionMask = 2147483647;
			files = (
				B09AA8DE2FE487D700114959 /* Icon.png in Resources */,
				B09AA8E72FE487D700114959 /* Main.storyboard in Resources */,
				B09AA8E22FE487D700114959 /* Script.js in Resources */,
				B09AA8DC2FE487D700114959 /* Main.html in Resources */,
				B09AA8E92FE487D900114959 /* Assets.xcassets in Resources */,
				B09AA8E02FE487D700114959 /* Style.css in Resources */,
			);
			runOnlyForDeploymentPostprocessing = 0;
		};
		B09AA8ED2FE487D900114959 /* Resources */ = {
			isa = PBXResourcesBuildPhase;
			buildActionMask = 2147483647;
			files = (
				B09AA9092FE487DA00114959 /* db.js in Resources */,
				B09AA90A2FE487DA00114959 /* icons in Resources */,
				B09AA90B2FE487DA00114959 /* manifest.json in Resources */,
				B09AA9082FE487DA00114959 /* background.js in Resources */,
				B09AA9072FE487DA00114959 /* popup in Resources */,
				B09AAFFF2FE487DA00114901 /* wrapped in Resources */,
				B09AA90C2FE487DA00114959 /* tracker.js in Resources */,
			);
			runOnlyForDeploymentPostprocessing = 0;
		};
/* End PBXResourcesBuildPhase section */

/* Begin PBXSourcesBuildPhase section */
		B09AA8D02FE487D700114959 /* Sources */ = {
			isa = PBXSourcesBuildPhase;
			buildActionMask = 2147483647;
			files = (
				B09AA8E42FE487D700114959 /* ViewController.swift in Sources */,
				B09AA8D82FE487D700114959 /* AppDelegate.swift in Sources */,
			);
			runOnlyForDeploymentPostprocessing = 0;
		};
		B09AA8EB2FE487D900114959 /* Sources */ = {
			isa = PBXSourcesBuildPhase;
			buildActionMask = 2147483647;
			files = (
				B09AA8F52FE487D900114959 /* SafariWebExtensionHandler.swift in Sources */,
			);
			runOnlyForDeploymentPostprocessing = 0;
		};
/* End PBXSourcesBuildPhase section */

/* Begin PBXTargetDependency section */
		B09AA8F22FE487D900114959 /* PBXTargetDependency */ = {
			isa = PBXTargetDependency;
			target = B09AA8EE2FE487D900114959 /* Browsing Wrapped Extension */;
			targetProxy = B09AA8F12FE487D900114959 /* PBXContainerItemProxy */;
		};
/* End PBXTargetDependency section */

/* Begin PBXVariantGroup section */
		B09AA8DA2FE487D700114959 /* Main.html */ = {
			isa = PBXVariantGroup;
			children = (
				B09AA8DB2FE487D700114959 /* Base */,
			);
			name = Main.html;
			sourceTree = "<group>";
		};
		B09AA8E52FE487D700114959 /* Main.storyboard */ = {
			isa = PBXVariantGroup;
			children = (
				B09AA8E62FE487D700114959 /* Base */,
			);
			name = Main.storyboard;
			sourceTree = "<group>";
		};
/* End PBXVariantGroup section */

/* Begin XCBuildConfiguration section */
		B09AA8F72FE487D900114959 /* Debug */ = {
			isa = XCBuildConfiguration;
			buildSettings = {
				ALWAYS_SEARCH_USER_PATHS = NO;
				ASSETCATALOG_COMPILER_GENERATE_SWIFT_ASSET_SYMBOL_EXTENSIONS = YES;
				CLANG_ANALYZER_NONNULL = YES;
				CLANG_ANALYZER_NUMBER_OBJECT_CONVERSION = YES_AGGRESSIVE;
				CLANG_CXX_LANGUAGE_STANDARD = "gnu++20";
				CLANG_ENABLE_MODULES = YES;
				CLANG_ENABLE_OBJC_ARC = YES;
				CLANG_ENABLE_OBJC_WEAK = YES;
				CLANG_WARN_BLOCK_CAPTURE_AUTORELEASING = YES;
				CLANG_WARN_BOOL_CONVERSION = YES;
				CLANG_WARN_COMMA = YES;
				CLANG_WARN_CONSTANT_CONVERSION = YES;
				CLANG_WARN_DEPRECATED_OBJC_IMPLEMENTATIONS = YES;
				CLANG_WARN_DIRECT_OBJC_ISA_USAGE = YES_ERROR;
				CLANG_WARN_DOCUMENTATION_COMMENTS = YES;
				CLANG_WARN_EMPTY_BODY = YES;
				CLANG_WARN_ENUM_CONVERSION = YES;
				CLANG_WARN_INFINITE_RECURSION = YES;
				CLANG_WARN_INT_CONVERSION = YES;
				CLANG_WARN_NON_LITERAL_NULL_CONVERSION = YES;
				CLANG_WARN_OBJC_IMPLICIT_RETAIN_SELF = YES;
				CLANG_WARN_OBJC_LITERAL_CONVERSION = YES;
				CLANG_WARN_OBJC_ROOT_CLASS = YES_ERROR;
				CLANG_WARN_QUOTED_INCLUDE_IN_FRAMEWORK_HEADER = YES;
				CLANG_WARN_RANGE_LOOP_ANALYSIS = YES;
				CLANG_WARN_STRICT_PROTOTYPES = YES;
				CLANG_WARN_SUSPICIOUS_MOVE = YES;
				CLANG_WARN_UNGUARDED_AVAILABILITY = YES_AGGRESSIVE;
				CLANG_WARN_UNREACHABLE_CODE = YES;
				CLANG_WARN__DUPLICATE_METHOD_MATCH = YES;
				COPY_PHASE_STRIP = NO;
				DEBUG_INFORMATION_FORMAT = dwarf;
				ENABLE_STRICT_OBJC_MSGSEND = YES;
				ENABLE_TESTABILITY = YES;
				ENABLE_USER_SCRIPT_SANDBOXING = YES;
				GCC_C_LANGUAGE_STANDARD = gnu17;
				GCC_DYNAMIC_NO_PIC = NO;
				GCC_NO_COMMON_BLOCKS = YES;
				GCC_OPTIMIZATION_LEVEL = 0;
				GCC_PREPROCESSOR_DEFINITIONS = (
					"DEBUG=1",
					"$(inherited)",
				);
				GCC_WARN_64_TO_32_BIT_CONVERSION = YES;
				GCC_WARN_ABOUT_RETURN_TYPE = YES_ERROR;
				GCC_WARN_UNDECLARED_SELECTOR = YES;
				GCC_WARN_UNINITIALIZED_AUTOS = YES_AGGRESSIVE;
				GCC_WARN_UNUSED_FUNCTION = YES;
				GCC_WARN_UNUSED_VARIABLE = YES;
				LOCALIZATION_PREFERS_STRING_CATALOGS = YES;
				MACOSX_DEPLOYMENT_TARGET = 26.5;
				MTL_ENABLE_DEBUG_INFO = INCLUDE_SOURCE;
				MTL_FAST_MATH = YES;
				ONLY_ACTIVE_ARCH = YES;
				SDKROOT = macosx;
				SWIFT_ACTIVE_COMPILATION_CONDITIONS = "DEBUG $(inherited)";
				SWIFT_OPTIMIZATION_LEVEL = "-Onone";
			};
			name = Debug;
		};
		B09AA8F82FE487D900114959 /* Release */ = {
			isa = XCBuildConfiguration;
			buildSettings = {
				ALWAYS_SEARCH_USER_PATHS = NO;
				ASSETCATALOG_COMPILER_GENERATE_SWIFT_ASSET_SYMBOL_EXTENSIONS = YES;
				CLANG_ANALYZER_NONNULL = YES;
				CLANG_ANALYZER_NUMBER_OBJECT_CONVERSION = YES_AGGRESSIVE;
				CLANG_CXX_LANGUAGE_STANDARD = "gnu++20";
				CLANG_ENABLE_MODULES = YES;
				CLANG_ENABLE_OBJC_ARC = YES;
				CLANG_ENABLE_OBJC_WEAK = YES;
				CLANG_WARN_BLOCK_CAPTURE_AUTORELEASING = YES;
				CLANG_WARN_BOOL_CONVERSION = YES;
				CLANG_WARN_COMMA = YES;
				CLANG_WARN_CONSTANT_CONVERSION = YES;
				CLANG_WARN_DEPRECATED_OBJC_IMPLEMENTATIONS = YES;
				CLANG_WARN_DIRECT_OBJC_ISA_USAGE = YES_ERROR;
				CLANG_WARN_DOCUMENTATION_COMMENTS = YES;
				CLANG_WARN_EMPTY_BODY = YES;
				CLANG_WARN_ENUM_CONVERSION = YES;
				CLANG_WARN_INFINITE_RECURSION = YES;
				CLANG_WARN_INT_CONVERSION = YES;
				CLANG_WARN_NON_LITERAL_NULL_CONVERSION = YES;
				CLANG_WARN_OBJC_IMPLICIT_RETAIN_SELF = YES;
				CLANG_WARN_OBJC_LITERAL_CONVERSION = YES;
				CLANG_WARN_OBJC_ROOT_CLASS = YES_ERROR;
				CLANG_WARN_QUOTED_INCLUDE_IN_FRAMEWORK_HEADER = YES;
				CLANG_WARN_RANGE_LOOP_ANALYSIS = YES;
				CLANG_WARN_STRICT_PROTOTYPES = YES;
				CLANG_WARN_SUSPICIOUS_MOVE = YES;
				CLANG_WARN_UNGUARDED_AVAILABILITY = YES_AGGRESSIVE;
				CLANG_WARN_UNREACHABLE_CODE = YES;
				CLANG_WARN__DUPLICATE_METHOD_MATCH = YES;
				COPY_PHASE_STRIP = NO;
				DEBUG_INFORMATION_FORMAT = "dwarf-with-dsym";
				ENABLE_NS_ASSERTIONS = NO;
				ENABLE_STRICT_OBJC_MSGSEND = YES;
				ENABLE_USER_SCRIPT_SANDBOXING = YES;
				GCC_C_LANGUAGE_STANDARD = gnu17;
				GCC_NO_COMMON_BLOCKS = YES;
				GCC_WARN_64_TO_32_BIT_CONVERSION = YES;
				GCC_WARN_ABOUT_RETURN_TYPE = YES_ERROR;
				GCC_WARN_UNDECLARED_SELECTOR = YES;
				GCC_WARN_UNINITIALIZED_AUTOS = YES_AGGRESSIVE;
				GCC_WARN_UNUSED_FUNCTION = YES;
				GCC_WARN_UNUSED_VARIABLE = YES;
				LOCALIZATION_PREFERS_STRING_CATALOGS = YES;
				MACOSX_DEPLOYMENT_TARGET = 26.5;
				MTL_ENABLE_DEBUG_INFO = NO;
				MTL_FAST_MATH = YES;
				SDKROOT = macosx;
				SWIFT_COMPILATION_MODE = wholemodule;
			};
			name = Release;
		};
		B09AA8FA2FE487D900114959 /* Debug */ = {
			isa = XCBuildConfiguration;
			buildSettings = {
				CODE_SIGN_STYLE = Automatic;
				CURRENT_PROJECT_VERSION = 1;
				DEVELOPMENT_TEAM = 8232UW56R9;
				ENABLE_APP_SANDBOX = YES;
				ENABLE_HARDENED_RUNTIME = YES;
				ENABLE_USER_SELECTED_FILES = readonly;
				GENERATE_INFOPLIST_FILE = YES;
				INFOPLIST_FILE = "Browsing Wrapped Extension/Info.plist";
				INFOPLIST_KEY_CFBundleDisplayName = "Browsing Wrapped Extension";
				INFOPLIST_KEY_NSHumanReadableCopyright = "";
				LD_RUNPATH_SEARCH_PATHS = (
					"$(inherited)",
					"@executable_path/../Frameworks",
					"@executable_path/../../../../Frameworks",
				);
				MACOSX_DEPLOYMENT_TARGET = 10.14;
				MARKETING_VERSION = 1.0;
				OTHER_LDFLAGS = (
					"-framework",
					SafariServices,
				);
				PRODUCT_BUNDLE_IDENTIFIER = com.laurenz.browsingwrapped.Extension;
				PRODUCT_NAME = "$(TARGET_NAME)";
				SKIP_INSTALL = YES;
				STRING_CATALOG_GENERATE_SYMBOLS = YES;
				SWIFT_APPROACHABLE_CONCURRENCY = YES;
				SWIFT_EMIT_LOC_STRINGS = YES;
				SWIFT_UPCOMING_FEATURE_MEMBER_IMPORT_VISIBILITY = YES;
				SWIFT_VERSION = 5.0;
			};
			name = Debug;
		};
		B09AA8FB2FE487D900114959 /* Release */ = {
			isa = XCBuildConfiguration;
			buildSettings = {
				CODE_SIGN_STYLE = Automatic;
				CURRENT_PROJECT_VERSION = 1;
				DEVELOPMENT_TEAM = 8232UW56R9;
				ENABLE_APP_SANDBOX = YES;
				ENABLE_HARDENED_RUNTIME = YES;
				ENABLE_USER_SELECTED_FILES = readonly;
				GENERATE_INFOPLIST_FILE = YES;
				INFOPLIST_FILE = "Browsing Wrapped Extension/Info.plist";
				INFOPLIST_KEY_CFBundleDisplayName = "Browsing Wrapped Extension";
				INFOPLIST_KEY_NSHumanReadableCopyright = "";
				LD_RUNPATH_SEARCH_PATHS = (
					"$(inherited)",
					"@executable_path/../Frameworks",
					"@executable_path/../../../../Frameworks",
				);
				MACOSX_DEPLOYMENT_TARGET = 10.14;
				MARKETING_VERSION = 1.0;
				OTHER_LDFLAGS = (
					"-framework",
					SafariServices,
				);
				PRODUCT_BUNDLE_IDENTIFIER = com.laurenz.browsingwrapped.Extension;
				PRODUCT_NAME = "$(TARGET_NAME)";
				SKIP_INSTALL = YES;
				STRING_CATALOG_GENERATE_SYMBOLS = YES;
				SWIFT_APPROACHABLE_CONCURRENCY = YES;
				SWIFT_EMIT_LOC_STRINGS = YES;
				SWIFT_UPCOMING_FEATURE_MEMBER_IMPORT_VISIBILITY = YES;
				SWIFT_VERSION = 5.0;
			};
			name = Release;
		};
		B09AA8FE2FE487D900114959 /* Debug */ = {
			isa = XCBuildConfiguration;
			buildSettings = {
				ASSETCATALOG_COMPILER_APPICON_NAME = AppIcon;
				ASSETCATALOG_COMPILER_GLOBAL_ACCENT_COLOR_NAME = AccentColor;
				CODE_SIGN_STYLE = Automatic;
				COMBINE_HIDPI_IMAGES = YES;
				CURRENT_PROJECT_VERSION = 1;
				DEVELOPMENT_TEAM = 8232UW56R9;
				ENABLE_APP_SANDBOX = YES;
				ENABLE_HARDENED_RUNTIME = YES;
				ENABLE_OUTGOING_NETWORK_CONNECTIONS = YES;
				ENABLE_USER_SELECTED_FILES = readonly;
				GENERATE_INFOPLIST_FILE = YES;
				INFOPLIST_FILE = "Browsing Wrapped/Info.plist";
				INFOPLIST_KEY_CFBundleDisplayName = "Browsing Wrapped";
				INFOPLIST_KEY_NSHumanReadableCopyright = "";
				INFOPLIST_KEY_NSMainStoryboardFile = Main;
				INFOPLIST_KEY_NSPrincipalClass = NSApplication;
				LD_RUNPATH_SEARCH_PATHS = (
					"$(inherited)",
					"@executable_path/../Frameworks",
				);
				MARKETING_VERSION = 1.0;
				OTHER_LDFLAGS = (
					"-framework",
					SafariServices,
					"-framework",
					WebKit,
				);
				PRODUCT_BUNDLE_IDENTIFIER = com.laurenz.browsingwrapped;
				PRODUCT_NAME = "$(TARGET_NAME)";
				REGISTER_APP_GROUPS = YES;
				STRING_CATALOG_GENERATE_SYMBOLS = YES;
				SWIFT_APPROACHABLE_CONCURRENCY = YES;
				SWIFT_DEFAULT_ACTOR_ISOLATION = MainActor;
				SWIFT_EMIT_LOC_STRINGS = YES;
				SWIFT_UPCOMING_FEATURE_MEMBER_IMPORT_VISIBILITY = YES;
				SWIFT_VERSION = 5.0;
			};
			name = Debug;
		};
		B09AA8FF2FE487D900114959 /* Release */ = {
			isa = XCBuildConfiguration;
			buildSettings = {
				ASSETCATALOG_COMPILER_APPICON_NAME = AppIcon;
				ASSETCATALOG_COMPILER_GLOBAL_ACCENT_COLOR_NAME = AccentColor;
				CODE_SIGN_STYLE = Automatic;
				COMBINE_HIDPI_IMAGES = YES;
				CURRENT_PROJECT_VERSION = 1;
				DEVELOPMENT_TEAM = 8232UW56R9;
				ENABLE_APP_SANDBOX = YES;
				ENABLE_HARDENED_RUNTIME = YES;
				ENABLE_OUTGOING_NETWORK_CONNECTIONS = YES;
				ENABLE_USER_SELECTED_FILES = readonly;
				GENERATE_INFOPLIST_FILE = YES;
				INFOPLIST_FILE = "Browsing Wrapped/Info.plist";
				INFOPLIST_KEY_CFBundleDisplayName = "Browsing Wrapped";
				INFOPLIST_KEY_NSHumanReadableCopyright = "";
				INFOPLIST_KEY_NSMainStoryboardFile = Main;
				INFOPLIST_KEY_NSPrincipalClass = NSApplication;
				LD_RUNPATH_SEARCH_PATHS = (
					"$(inherited)",
					"@executable_path/../Frameworks",
				);
				MARKETING_VERSION = 1.0;
				OTHER_LDFLAGS = (
					"-framework",
					SafariServices,
					"-framework",
					WebKit,
				);
				PRODUCT_BUNDLE_IDENTIFIER = com.laurenz.browsingwrapped;
				PRODUCT_NAME = "$(TARGET_NAME)";
				REGISTER_APP_GROUPS = YES;
				STRING_CATALOG_GENERATE_SYMBOLS = YES;
				SWIFT_APPROACHABLE_CONCURRENCY = YES;
				SWIFT_DEFAULT_ACTOR_ISOLATION = MainActor;
				SWIFT_EMIT_LOC_STRINGS = YES;
				SWIFT_UPCOMING_FEATURE_MEMBER_IMPORT_VISIBILITY = YES;
				SWIFT_VERSION = 5.0;
			};
			name = Release;
		};
/* End XCBuildConfiguration section */

/* Begin XCConfigurationList section */
		B09AA8CF2FE487D700114959 /* Build configuration list for PBXProject "Browsing Wrapped" */ = {
			isa = XCConfigurationList;
			buildConfigurations = (
				B09AA8F72FE487D900114959 /* Debug */,
				B09AA8F82FE487D900114959 /* Release */,
			);
			defaultConfigurationIsVisible = 0;
			defaultConfigurationName = Release;
		};
		B09AA8F92FE487D900114959 /* Build configuration list for PBXNativeTarget "Browsing Wrapped Extension" */ = {
			isa = XCConfigurationList;
			buildConfigurations = (
				B09AA8FA2FE487D900114959 /* Debug */,
				B09AA8FB2FE487D900114959 /* Release */,
			);
			defaultConfigurationIsVisible = 0;
			defaultConfigurationName = Release;
		};
		B09AA8FD2FE487D900114959 /* Build configuration list for PBXNativeTarget "Browsing Wrapped" */ = {
			isa = XCConfigurationList;
			buildConfigurations = (
				B09AA8FE2FE487D900114959 /* Debug */,
				B09AA8FF2FE487D900114959 /* Release */,
			);
			defaultConfigurationIsVisible = 0;
			defaultConfigurationName = Release;
		};
/* End XCConfigurationList section */
	};
	rootObject = B09AA8CC2FE487D700114959 /* Project object */;
}
